
Microsoft Visual Studio Solution File, Format Version 12.00
# Visual Studio Version 17
VisualStudioVersion = 17.4.33213.308
MinimumVisualStudioVersion = 10.0.40219.1
Project("{9A19103F-16F7-4668-BE54-9A1E7A4F7556}") = "BattleCityConsole", "BattleCityConsole.csproj", "{EE652CD8-576E-4ED8-85BF-918FCCCFE523}"
EndProject
Project("{9A19103F-16F7-4668-BE54-9A1E7A4F7556}") = "BattleCityGUI", "..\BattleCityGUI\BattleCityGUI.csproj", "{2E8EB6F4-E1F2-4855-BBF8-67ABEF02BF86}"
EndProject
Project("{FAE04EC0-301F-11D3-BF4B-00C04F79EFBC}") = "CodeBase", "..\CodeBase\CodeBase.csproj", "{A09E37CA-E650-4FAE-9C2C-EDE6EFC90716}"
EndProject
Global
	GlobalSection(SolutionConfigurationPlatforms) = preSolution
		Debug|Any CPU = Debug|Any CPU
		Release|Any CPU = Release|Any CPU
	EndGlobalSection
	GlobalSection(ProjectConfigurationPlatforms) = postSolution
		{EE652CD8-576E-4ED8-85BF-918FCCCFE523}.Debug|Any CPU.ActiveCfg = Debug|Any CPU
		{EE652CD8-576E-4ED8-85BF-918FCCCFE523}.Debug|Any CPU.Build.0 = Debug|Any CPU
		{EE652CD8-576E-4ED8-85BF-918FCCCFE523}.Release|Any CPU.ActiveCfg = Release|Any CPU
		{EE652CD8-576E-4ED8-85BF-918FCCCFE523}.Release|Any CPU.Build.0 = Release|Any CPU
		{2E8EB6F4-E1F2-4855-BBF8-67ABEF02BF86}.Debug|Any CPU.ActiveCfg = Debug|Any CPU
		{2E8EB6F4-E1F2-4855-BBF8-67ABEF02BF86}.Debug|Any CPU.Build.0 = Debug|Any CPU
		{2E8EB6F4-E1F2-4855-BBF8-67ABEF02BF86}.Release|Any CPU.ActiveCfg = Release|Any CPU
		{2E8EB6F4-E1F2-4855-BBF8-67ABEF02BF86}.Release|Any CPU.Build.0 = Release|Any CPU
		{A09E37CA-E650-4FAE-9C2C-EDE6EFC90716}.Debug|Any CPU.ActiveCfg = Debug|Any CPU
		{A09E37CA-E650-4FAE-9C2C-EDE6EFC90716}.Debug|Any CPU.Build.0 = Debug|Any CPU
		{A09E37CA-E650-4FAE-9C2C-EDE6EFC90716}.Release|Any CPU.ActiveCfg = Release|Any CPU
		{A09E37CA-E650-4FAE-9C2C-EDE6EFC90716}.Release|Any CPU.Build.0 = Release|Any CPU
	EndGlobalSection
	GlobalSection(SolutionProperties) = preSolution
		HideSolutionNode = FALSE
	EndGlobalSection
	GlobalSection(ExtensibilityGlobals) = postSolution
		SolutionGuid = {770E02B9-8EBB-4911-BB43-DDBAC0DA59CD}
	EndGlobalSection
EndGlobal
